// !$*UTF8*$!
{
	archiveVersion = 1;
	classes = {
	};
	objectVersion = 50;
	objects = {

/* Begin PBXBuildFile section */
		1EAF0FC55E76CF79CDBFF25D /* Pods_chain_chain.framework in Frameworks */ = {isa = PBXBuildFile; fileRef = 7CA7FC2D6DD046A7C19A4D5A /* Pods_chain_chain.framework */; };
		4C7CD352EB3C7C9818CE4CD3 /* Pods_chain.framework in Frameworks */ = {isa = PBXBuildFile; fileRef = 71884A94C164DF5A3EB82B47 /* Pods_chain.framework */; };
		A351EE3120B389F100701266 /* loginVC.swift in Sources */ = {isa = PBXBuildFile; fileRef = A351EE3020B389F100701266 /* loginVC.swift */; };
		A367C77720AFD335004F4F20 /* AppDelegate.swift in Sources */ = {isa = PBXBuildFile; fileRef = A367C77620AFD335004F4F20 /* AppDelegate.swift */; };
		A367C77C20AFD335004F4F20 /* Main.storyboard in Resources */ = {isa = PBXBuildFile; fileRef = A367C77A20AFD335004F4F20 /* Main.storyboard */; };
		A367C77E20AFD336004F4F20 /* Assets.xcassets in Resources */ = {isa = PBXBuildFile; fileRef = A367C77D20AFD336004F4F20 /* Assets.xcassets */; };
		A367C78120AFD336004F4F20 /* LaunchScreen.storyboard in Resources */ = {isa = PBXBuildFile; fileRef = A367C77F20AFD336004F4F20 /* LaunchScreen.storyboard */; };
		A367C78C20AFD336004F4F20 /* chainTests.swift in Sources */ = {isa = PBXBuildFile; fileRef = A367C78B20AFD336004F4F20 /* chainTests.swift */; };
		A367C79720AFD336004F4F20 /* chainUITests.swift in Sources */ = {isa = PBXBuildFile; fileRef = A367C79620AFD336004F4F20 /* chainUITests.swift */; };
		A367C7A520AFD63C004F4F20 /* mainTC.swift in Sources */ = {isa = PBXBuildFile; fileRef = A367C7A420AFD63C004F4F20 /* mainTC.swift */; };
		A367C7AB20AFDC75004F4F20 /* mymessagetable.swift in Sources */ = {isa = PBXBuildFile; fileRef = A367C7AA20AFDC75004F4F20 /* mymessagetable.swift */; };
		A367C7AD20AFDFCA004F4F20 /* customercell.swift in Sources */ = {isa = PBXBuildFile; fileRef = A367C7AC20AFDFCA004F4F20 /* customercell.swift */; };
		B938A94B20B735350068EB01 /* profile_picture.swift in Sources */ = {isa = PBXBuildFile; fileRef = B938A94A20B735350068EB01 /* profile_picture.swift */; };
		B956CA0A20B8D6A1006C8197 /* infoViewController.swift in Sources */ = {isa = PBXBuildFile; fileRef = B956CA0920B8D6A1006C8197 /* infoViewController.swift */; };
		B956CA0C20BA3569006C8197 /* launch.swift in Sources */ = {isa = PBXBuildFile; fileRef = B956CA0B20BA3569006C8197 /* launch.swift */; };
		B9716A9020B39AC20099999A /* Info.plist in Resources */ = {isa = PBXBuildFile; fileRef = A367C78220AFD336004F4F20 /* Info.plist */; };
		B9716A9420B602260099999A /* awsconfiguration.json in Resources */ = {isa = PBXBuildFile; fileRef = B9716A9320B602260099999A /* awsconfiguration.json */; };
		F715CD0D3F2E520C6F9107A7 /* Pods_chainUITests.framework in Frameworks */ = {isa = PBXBuildFile; fileRef = CF0A25DC79269B8E586FF8C0 /* Pods_chainUITests.framework */; };
		FFC56D57ED5664C1B1C89F86 /* Pods_chainTests.framework in Frameworks */ = {isa = PBXBuildFile; fileRef = 4D098CBA99DC7AF2C293534E /* Pods_chainTests.framework */; };
/* End PBXBuildFile section */

/* Begin PBXContainerItemProxy section */
		A367C78820AFD336004F4F20 /* PBXContainerItemProxy */ = {
			isa = PBXContainerItemProxy;
			containerPortal = A367C76B20AFD335004F4F20 /* Project object */;
			proxyType = 1;
			remoteGlobalIDString = A367C77220AFD335004F4F20;
			remoteInfo = chain;
		};
		A367C79320AFD336004F4F20 /* PBXContainerItemProxy */ = {
			isa = PBXContainerItemProxy;
			containerPortal = A367C76B20AFD335004F4F20 /* Project object */;
			proxyType = 1;
			remoteGlobalIDString = A367C77220AFD335004F4F20;
			remoteInfo = chain;
		};
/* End PBXContainerItemProxy section */

/* Begin PBXFileReference section */
		0C355B9D7BD3E516E683E1DC /* Pods-chainTests.debug.xcconfig */ = {isa = PBXFileReference; includeInIndex = 1; lastKnownFileType = text.xcconfig; name = "Pods-chainTests.debug.xcconfig"; path = "Pods/Target Support Files/Pods-chainTests/Pods-chainTests.debug.xcconfig"; sourceTree = "<group>"; };
		36C48AAB71465DE38FFFEFED /* Pods-chainUITests.release.xcconfig */ = {isa = PBXFileReference; includeInIndex = 1; lastKnownFileType = text.xcconfig; name = "Pods-chainUITests.release.xcconfig"; path = "Pods/Target Support Files/Pods-chainUITests/Pods-chainUITests.release.xcconfig"; sourceTree = "<group>"; };
		4D098CBA99DC7AF2C293534E /* Pods_chainTests.framework */ = {isa = PBXFileReference; explicitFileType = wrapper.framework; includeInIndex = 0; path = Pods_chainTests.framework; sourceTree = BUILT_PRODUCTS_DIR; };
		5E0CBD5E6F5110AD6A5547CD /* Pods-chain.debug.xcconfig */ = {isa = PBXFileReference; includeInIndex = 1; lastKnownFileType = text.xcconfig; name = "Pods-chain.debug.xcconfig"; path = "Pods/Target Support Files/Pods-chain/Pods-chain.debug.xcconfig"; sourceTree = "<group>"; };
		71884A94C164DF5A3EB82B47 /* Pods_chain.framework */ = {isa = PBXFileReference; explicitFileType = wrapper.framework; includeInIndex = 0; path = Pods_chain.framework; sourceTree = BUILT_PRODUCTS_DIR; };
		7CA7FC2D6DD046A7C19A4D5A /* Pods_chain_chain.framework */ = {isa = PBXFileReference; explicitFileType = wrapper.framework; includeInIndex = 0; path = Pods_chain_chain.framework; sourceTree = BUILT_PRODUCTS_DIR; };
		8FDFC946C0F484D8BEB67C8E /* Pods-chain.release.xcconfig */ = {isa = PBXFileReference; includeInIndex = 1; lastKnownFileType = text.xcconfig; name = "Pods-chain.release.xcconfig"; path = "Pods/Target Support Files/Pods-chain/Pods-chain.release.xcconfig"; sourceTree = "<group>"; };
		A351EE3020B389F100701266 /* loginVC.swift */ = {isa = PBXFileReference; fileEncoding = 4; lastKnownFileType = sourcecode.swift; path = loginVC.swift; sourceTree = "<group>"; };
		A367C77320AFD335004F4F20 /* chain.app */ = {isa = PBXFileReference; explicitFileType = wrapper.application; includeInIndex = 0; path = chain.app; sourceTree = BUILT_PRODUCTS_DIR; };
		A367C77620AFD335004F4F20 /* AppDelegate.swift */ = {isa = PBXFileReference; lastKnownFileType = sourcecode.swift; path = AppDelegate.swift; sourceTree = "<group>"; };
		A367C77B20AFD335004F4F20 /* Base */ = {isa = PBXFileReference; lastKnownFileType = file.storyboard; name = Base; path = Base.lproj/Main.storyboard; sourceTree = "<group>"; };
		A367C77D20AFD336004F4F20 /* Assets.xcassets */ = {isa = PBXFileReference; lastKnownFileType = folder.assetcatalog; path = Assets.xcassets; sourceTree = "<group>"; };
		A367C78020AFD336004F4F20 /* Base */ = {isa = PBXFileReference; lastKnownFileType = file.storyboard; name = Base; path = Base.lproj/LaunchScreen.storyboard; sourceTree = "<group>"; };
		A367C78220AFD336004F4F20 /* Info.plist */ = {isa = PBXFileReference; lastKnownFileType = text.plist.xml; path = Info.plist; sourceTree = "<group>"; };
		A367C78720AFD336004F4F20 /* chainTests.xctest */ = {isa = PBXFileReference; explicitFileType = wrapper.cfbundle; includeInIndex = 0; path = chainTests.xctest; sourceTree = BUILT_PRODUCTS_DIR; };
		A367C78B20AFD336004F4F20 /* chainTests.swift */ = {isa = PBXFileReference; lastKnownFileType = sourcecode.swift; path = chainTests.swift; sourceTree = "<group>"; };
		A367C78D20AFD336004F4F20 /* Info.plist */ = {isa = PBXFileReference; lastKnownFileType = text.plist.xml; path = Info.plist; sourceTree = "<group>"; };
		A367C79220AFD336004F4F20 /* chainUITests.xctest */ = {isa = PBXFileReference; explicitFileType = wrapper.cfbundle; includeInIndex = 0; path = chainUITests.xctest; sourceTree = BUILT_PRODUCTS_DIR; };
		A367C79620AFD336004F4F20 /* chainUITests.swift */ = {isa = PBXFileReference; lastKnownFileType = sourcecode.swift; path = chainUITests.swift; sourceTree = "<group>"; };
		A367C79820AFD336004F4F20 /* Info.plist */ = {isa = PBXFileReference; lastKnownFileType = text.plist.xml; path = Info.plist; sourceTree = "<group>"; };
		A367C7A420AFD63C004F4F20 /* mainTC.swift */ = {isa = PBXFileReference; lastKnownFileType = sourcecode.swift; path = mainTC.swift; sourceTree = "<group>"; };
		A367C7AA20AFDC75004F4F20 /* mymessagetable.swift */ = {isa = PBXFileReference; lastKnownFileType = sourcecode.swift; path = mymessagetable.swift; sourceTree = "<group>"; };
		A367C7AC20AFDFCA004F4F20 /* customercell.swift */ = {isa = PBXFileReference; lastKnownFileType = sourcecode.swift; path = customercell.swift; sourceTree = "<group>"; };
		B938A94A20B735350068EB01 /* profile_picture.swift */ = {isa = PBXFileReference; lastKnownFileType = sourcecode.swift; path = profile_picture.swift; sourceTree = "<group>"; };
		B956CA0920B8D6A1006C8197 /* infoViewController.swift */ = {isa = PBXFileReference; lastKnownFileType = sourcecode.swift; path = infoViewController.swift; sourceTree = "<group>"; };
		B956CA0B20BA3569006C8197 /* launch.swift */ = {isa = PBXFileReference; lastKnownFileType = sourcecode.swift; path = launch.swift; sourceTree = "<group>"; };
		B9716A9320B602260099999A /* awsconfiguration.json */ = {isa = PBXFileReference; fileEncoding = 4; lastKnownFileType = text.json; path = awsconfiguration.json; sourceTree = "<group>"; };
		CF0A25DC79269B8E586FF8C0 /* Pods_chainUITests.framework */ = {isa = PBXFileReference; explicitFileType = wrapper.framework; includeInIndex = 0; path = Pods_chainUITests.framework; sourceTree = BUILT_PRODUCTS_DIR; };
		DC267441F117284F8FAEEBFF /* Pods-chainTests.release.xcconfig */ = {isa = PBXFileReference; includeInIndex = 1; lastKnownFileType = text.xcconfig; name = "Pods-chainTests.release.xcconfig"; path = "Pods/Target Support Files/Pods-chainTests/Pods-chainTests.release.xcconfig"; sourceTree = "<group>"; };
		E1928B75D6A5DEB15638BAAB /* Pods-chainUITests.debug.xcconfig */ = {isa = PBXFileReference; includeInIndex = 1; lastKnownFileType = text.xcconfig; name = "Pods-chainUITests.debug.xcconfig"; path = "Pods/Target Support Files/Pods-chainUITests/Pods-chainUITests.debug.xcconfig"; sourceTree = "<group>"; };
		E43069A80D4E61E1735D2E89 /* Pods-chain-chain.debug.xcconfig */ = {isa = PBXFileReference; includeInIndex = 1; lastKnownFileType = text.xcconfig; name = "Pods-chain-chain.debug.xcconfig"; path = "Pods/Target Support Files/Pods-chain-chain/Pods-chain-chain.debug.xcconfig"; sourceTree = "<group>"; };
		E9B759D8FBA401AD72068E3A /* Pods-chain-chain.release.xcconfig */ = {isa = PBXFileReference; includeInIndex = 1; lastKnownFileType = text.xcconfig; name = "Pods-chain-chain.release.xcconfig"; path = "Pods/Target Support Files/Pods-chain-chain/Pods-chain-chain.release.xcconfig"; sourceTree = "<group>"; };
/* End PBXFileReference section */

/* Begin PBXFrameworksBuildPhase section */
		A367C77020AFD335004F4F20 /* Frameworks */ = {
			isa = PBXFrameworksBuildPhase;
			buildActionMask = 2147483647;
			files = (
				4C7CD352EB3C7C9818CE4CD3 /* Pods_chain.framework in Frameworks */,
				1EAF0FC55E76CF79CDBFF25D /* Pods_chain_chain.framework in Frameworks */,
			);
			runOnlyForDeploymentPostprocessing = 0;
		};
		A367C78420AFD336004F4F20 /* Frameworks */ = {
			isa = PBXFrameworksBuildPhase;
			buildActionMask = 2147483647;
			files = (
				FFC56D57ED5664C1B1C89F86 /* Pods_chainTests.framework in Frameworks */,
			);
			runOnlyForDeploymentPostprocessing = 0;
		};
		A367C78F20AFD336004F4F20 /* Frameworks */ = {
			isa = PBXFrameworksBuildPhase;
			buildActionMask = 2147483647;
			files = (
				F715CD0D3F2E520C6F9107A7 /* Pods_chainUITests.framework in Frameworks */,
			);
			runOnlyForDeploymentPostprocessing = 0;
		};
/* End PBXFrameworksBuildPhase section */

/* Begin PBXGroup section */
		760A216C94DE818E8CA0F66A /* Pods */ = {
			isa = PBXGroup;
			children = (
				5E0CBD5E6F5110AD6A5547CD /* Pods-chain.debug.xcconfig */,
				8FDFC946C0F484D8BEB67C8E /* Pods-chain.release.xcconfig */,
				E43069A80D4E61E1735D2E89 /* Pods-chain-chain.debug.xcconfig */,
				E9B759D8FBA401AD72068E3A /* Pods-chain-chain.release.xcconfig */,
				0C355B9D7BD3E516E683E1DC /* Pods-chainTests.debug.xcconfig */,
				DC267441F117284F8FAEEBFF /* Pods-chainTests.release.xcconfig */,
				E1928B75D6A5DEB15638BAAB /* Pods-chainUITests.debug.xcconfig */,
				36C48AAB71465DE38FFFEFED /* Pods-chainUITests.release.xcconfig */,
			);
			name = Pods;
			sourceTree = "<group>";
		};
		A367C76A20AFD335004F4F20 = {
			isa = PBXGroup;
			children = (
				A367C77520AFD335004F4F20 /* chain */,
				A367C78A20AFD336004F4F20 /* chainTests */,
				A367C79520AFD336004F4F20 /* chainUITests */,
				A367C77420AFD335004F4F20 /* Products */,
				760A216C94DE818E8CA0F66A /* Pods */,
				E7D63D9AEC288526DC9B6651 /* Frameworks */,
			);
			sourceTree = "<group>";
		};
		A367C77420AFD335004F4F20 /* Products */ = {
			isa = PBXGroup;
			children = (
				A367C77320AFD335004F4F20 /* chain.app */,
				A367C78720AFD336004F4F20 /* chainTests.xctest */,
				A367C79220AFD336004F4F20 /* chainUITests.xctest */,
			);
			name = Products;
			sourceTree = "<group>";
		};
		A367C77520AFD335004F4F20 /* chain */ = {
			isa = PBXGroup;
			children = (
				A367C77620AFD335004F4F20 /* AppDelegate.swift */,
				B938A94A20B735350068EB01 /* profile_picture.swift */,
				A351EE3020B389F100701266 /* loginVC.swift */,
				B956CA0920B8D6A1006C8197 /* infoViewController.swift */,
				A367C77A20AFD335004F4F20 /* Main.storyboard */,
				B9716A9320B602260099999A /* awsconfiguration.json */,
				B956CA0B20BA3569006C8197 /* launch.swift */,
				A367C77D20AFD336004F4F20 /* Assets.xcassets */,
				A367C77F20AFD336004F4F20 /* LaunchScreen.storyboard */,
				A367C78220AFD336004F4F20 /* Info.plist */,
				A367C7A420AFD63C004F4F20 /* mainTC.swift */,
				A367C7AA20AFDC75004F4F20 /* mymessagetable.swift */,
				A367C7AC20AFDFCA004F4F20 /* customercell.swift */,
			);
			path = chain;
			sourceTree = "<group>";
		};
		A367C78A20AFD336004F4F20 /* chainTests */ = {
			isa = PBXGroup;
			children = (
				A367C78B20AFD336004F4F20 /* chainTests.swift */,
				A367C78D20AFD336004F4F20 /* Info.plist */,
			);
			path = chainTests;
			sourceTree = "<group>";
		};
		A367C79520AFD336004F4F20 /* chainUITests */ = {
			isa = PBXGroup;
			children = (
				A367C79620AFD336004F4F20 /* chainUITests.swift */,
				A367C79820AFD336004F4F20 /* Info.plist */,
			);
			path = chainUITests;
			sourceTree = "<group>";
		};
		E7D63D9AEC288526DC9B6651 /* Frameworks */ = {
			isa = PBXGroup;
			children = (
				71884A94C164DF5A3EB82B47 /* Pods_chain.framework */,
				7CA7FC2D6DD046A7C19A4D5A /* Pods_chain_chain.framework */,
				4D098CBA99DC7AF2C293534E /* Pods_chainTests.framework */,
				CF0A25DC79269B8E586FF8C0 /* Pods_chainUITests.framework */,
			);
			name = Frameworks;
			sourceTree = "<group>";
		};
/* End PBXGroup section */

/* Begin PBXNativeTarget section */
		A367C77220AFD335004F4F20 /* chain */ = {
			isa = PBXNativeTarget;
			buildConfigurationList = A367C79B20AFD336004F4F20 /* Build configuration list for PBXNativeTarget "chain" */;
			buildPhases = (
				C7311B399372A8D9ADC168B6 /* [CP] Check Pods Manifest.lock */,
				A367C76F20AFD335004F4F20 /* Sources */,
				A367C77020AFD335004F4F20 /* Frameworks */,
				A367C77120AFD335004F4F20 /* Resources */,
				ADE7FB8218C4D6E7986B740C /* [CP] Embed Pods Frameworks */,
			);
			buildRules = (
			);
			dependencies = (
			);
			name = chain;
			productName = chain;
			productReference = A367C77320AFD335004F4F20 /* chain.app */;
			productType = "com.apple.product-type.application";
		};
		A367C78620AFD336004F4F20 /* chainTests */ = {
			isa = PBXNativeTarget;
			buildConfigurationList = A367C79E20AFD336004F4F20 /* Build configuration list for PBXNativeTarget "chainTests" */;
			buildPhases = (
				701C2666D64601A561D2A9BB /* [CP] Check Pods Manifest.lock */,
				A367C78320AFD336004F4F20 /* Sources */,
				A367C78420AFD336004F4F20 /* Frameworks */,
				A367C78520AFD336004F4F20 /* Resources */,
			);
			buildRules = (
			);
			dependencies = (
				A367C78920AFD336004F4F20 /* PBXTargetDependency */,
			);
			name = chainTests;
			productName = chainTests;
			productReference = A367C78720AFD336004F4F20 /* chainTests.xctest */;
			productType = "com.apple.product-type.bundle.unit-test";
		};
		A367C79120AFD336004F4F20 /* chainUITests */ = {
			isa = PBXNativeTarget;
			buildConfigurationList = A367C7A120AFD336004F4F20 /* Build configuration list for PBXNativeTarget "chainUITests" */;
			buildPhases = (
				5E5D4C05A139A680E35E87F7 /* [CP] Check Pods Manifest.lock */,
				A367C78E20AFD336004F4F20 /* Sources */,
				A367C78F20AFD336004F4F20 /* Frameworks */,
				A367C79020AFD336004F4F20 /* Resources */,
			);
			buildRules = (
			);
			dependencies = (
				A367C79420AFD336004F4F20 /* PBXTargetDependency */,
			);
			name = chainUITests;
			productName = chainUITests;
			productReference = A367C79220AFD336004F4F20 /* chainUITests.xctest */;
			productType = "com.apple.product-type.bundle.ui-testing";
		};
/* End PBXNativeTarget section */

/* Begin PBXProject section */
		A367C76B20AFD335004F4F20 /* Project object */ = {
			isa = PBXProject;
			attributes = {
				LastSwiftUpdateCheck = 0930;
				LastUpgradeCheck = 0930;
				ORGANIZATIONNAME = "Chao Shen";
				TargetAttributes = {
					A367C77220AFD335004F4F20 = {
						CreatedOnToolsVersion = 9.3.1;
					};
					A367C78620AFD336004F4F20 = {
						CreatedOnToolsVersion = 9.3.1;
						TestTargetID = A367C77220AFD335004F4F20;
					};
					A367C79120AFD336004F4F20 = {
						CreatedOnToolsVersion = 9.3.1;
						TestTargetID = A367C77220AFD335004F4F20;
					};
				};
			};
			buildConfigurationList = A367C76E20AFD335004F4F20 /* Build configuration list for PBXProject "chain" */;
			compatibilityVersion = "Xcode 9.3";
			developmentRegion = en;
			hasScannedForEncodings = 0;
			knownRegions = (
				en,
				Base,
			);
			mainGroup = A367C76A20AFD335004F4F20;
			productRefGroup = A367C77420AFD335004F4F20 /* Products */;
			projectDirPath = "";
			projectRoot = "";
			targets = (
				A367C77220AFD335004F4F20 /* chain */,
				A367C78620AFD336004F4F20 /* chainTests */,
				A367C79120AFD336004F4F20 /* chainUITests */,
			);
		};
/* End PBXProject section */

/* Begin PBXResourcesBuildPhase section */
		A367C77120AFD335004F4F20 /* Resources */ = {
			isa = PBXResourcesBuildPhase;
			buildActionMask = 2147483647;
			files = (
				B9716A9420B602260099999A /* awsconfiguration.json in Resources */,
				A367C78120AFD336004F4F20 /* LaunchScreen.storyboard in Resources */,
				A367C77E20AFD336004F4F20 /* Assets.xcassets in Resources */,
				B9716A9020B39AC20099999A /* Info.plist in Resources */,
				A367C77C20AFD335004F4F20 /* Main.storyboard in Resources */,
			);
			runOnlyForDeploymentPostprocessing = 0;
		};
		A367C78520AFD336004F4F20 /* Resources */ = {
			isa = PBXResourcesBuildPhase;
			buildActionMask = 2147483647;
			files = (
			);
			runOnlyForDeploymentPostprocessing = 0;
		};
		A367C79020AFD336004F4F20 /* Resources */ = {
			isa = PBXResourcesBuildPhase;
			buildActionMask = 2147483647;
			files = (
			);
			runOnlyForDeploymentPostprocessing = 0;
		};
/* End PBXResourcesBuildPhase section */

/* Begin PBXShellScriptBuildPhase section */
		5E5D4C05A139A680E35E87F7 /* [CP] Check Pods Manifest.lock */ = {
			isa = PBXShellScriptBuildPhase;
			buildActionMask = 2147483647;
			files = (
			);
			inputPaths = (
				"${PODS_PODFILE_DIR_PATH}/Podfile.lock",
				"${PODS_ROOT}/Manifest.lock",
			);
			name = "[CP] Check Pods Manifest.lock";
			outputPaths = (
				"$(DERIVED_FILE_DIR)/Pods-chainUITests-checkManifestLockResult.txt",
			);
			runOnlyForDeploymentPostprocessing = 0;
			shellPath = /bin/sh;
			shellScript = "diff \"${PODS_PODFILE_DIR_PATH}/Podfile.lock\" \"${PODS_ROOT}/Manifest.lock\" > /dev/null\nif [ $? != 0 ] ; then\n    # print error to STDERR\n    echo \"error: The sandbox is not in sync with the Podfile.lock. Run 'pod install' or update your CocoaPods installation.\" >&2\n    exit 1\nfi\n# This output is used by Xcode 'outputs' to avoid re-running this script phase.\necho \"SUCCESS\" > \"${SCRIPT_OUTPUT_FILE_0}\"\n";
			showEnvVarsInLog = 0;
		};
		701C2666D64601A561D2A9BB /* [CP] Check Pods Manifest.lock */ = {
			isa = PBXShellScriptBuildPhase;
			buildActionMask = 2147483647;
			files = (
			);
			inputPaths = (
				"${PODS_PODFILE_DIR_PATH}/Podfile.lock",
				"${PODS_ROOT}/Manifest.lock",
			);
			name = "[CP] Check Pods Manifest.lock";
			outputPaths = (
				"$(DERIVED_FILE_DIR)/Pods-chainTests-checkManifestLockResult.txt",
			);
			runOnlyForDeploymentPostprocessing = 0;
			shellPath = /bin/sh;
			shellScript = "diff \"${PODS_PODFILE_DIR_PATH}/Podfile.lock\" \"${PODS_ROOT}/Manifest.lock\" > /dev/null\nif [ $? != 0 ] ; then\n    # print error to STDERR\n    echo \"error: The sandbox is not in sync with the Podfile.lock. Run 'pod install' or update your CocoaPods installation.\" >&2\n    exit 1\nfi\n# This output is used by Xcode 'outputs' to avoid re-running this script phase.\necho \"SUCCESS\" > \"${SCRIPT_OUTPUT_FILE_0}\"\n";
			showEnvVarsInLog = 0;
		};
		ADE7FB8218C4D6E7986B740C /* [CP] Embed Pods Frameworks */ = {
			isa = PBXShellScriptBuildPhase;
			buildActionMask = 2147483647;
			files = (
			);
			inputPaths = (
				"${SRCROOT}/Pods/Target Support Files/Pods-chain-chain/Pods-chain-chain-frameworks.sh",
				"${BUILT_PRODUCTS_DIR}/AWSAuthCore/AWSAuthCore.framework",
				"${BUILT_PRODUCTS_DIR}/AWSAuthUI/AWSAuthUI.framework",
				"${BUILT_PRODUCTS_DIR}/AWSCognitoIdentityProvider/AWSCognitoIdentityProvider.framework",
				"${BUILT_PRODUCTS_DIR}/AWSCognitoIdentityProviderASF/AWSCognitoIdentityProviderASF.framework",
				"${BUILT_PRODUCTS_DIR}/AWSCore/AWSCore.framework",
				"${BUILT_PRODUCTS_DIR}/AWSDynamoDB/AWSDynamoDB.framework",
				"${BUILT_PRODUCTS_DIR}/AWSMobileClient/AWSMobileClient.framework",
				"${BUILT_PRODUCTS_DIR}/AWSPinpoint/AWSPinpoint.framework",
				"${BUILT_PRODUCTS_DIR}/AWSS3/AWSS3.framework",
				"${BUILT_PRODUCTS_DIR}/AWSUserPoolsSignIn/AWSUserPoolsSignIn.framework",
			);
			name = "[CP] Embed Pods Frameworks";
			outputPaths = (
				"${TARGET_BUILD_DIR}/${FRAMEWORKS_FOLDER_PATH}/AWSAuthCore.framework",
				"${TARGET_BUILD_DIR}/${FRAMEWORKS_FOLDER_PATH}/AWSAuthUI.framework",
				"${TARGET_BUILD_DIR}/${FRAMEWORKS_FOLDER_PATH}/AWSCognitoIdentityProvider.framework",
				"${TARGET_BUILD_DIR}/${FRAMEWORKS_FOLDER_PATH}/AWSCognitoIdentityProviderASF.framework",
				"${TARGET_BUILD_DIR}/${FRAMEWORKS_FOLDER_PATH}/AWSCore.framework",
				"${TARGET_BUILD_DIR}/${FRAMEWORKS_FOLDER_PATH}/AWSDynamoDB.framework",
				"${TARGET_BUILD_DIR}/${FRAMEWORKS_FOLDER_PATH}/AWSMobileClient.framework",
				"${TARGET_BUILD_DIR}/${FRAMEWORKS_FOLDER_PATH}/AWSPinpoint.framework",
				"${TARGET_BUILD_DIR}/${FRAMEWORKS_FOLDER_PATH}/AWSS3.framework",
				"${TARGET_BUILD_DIR}/${FRAMEWORKS_FOLDER_PATH}/AWSUserPoolsSignIn.framework",
			);
			runOnlyForDeploymentPostprocessing = 0;
			shellPath = /bin/sh;
			shellScript = "\"${SRCROOT}/Pods/Target Support Files/Pods-chain-chain/Pods-chain-chain-frameworks.sh\"\n";
			showEnvVarsInLog = 0;
		};
		C7311B399372A8D9ADC168B6 /* [CP] Check Pods Manifest.lock */ = {
			isa = PBXShellScriptBuildPhase;
			buildActionMask = 2147483647;
			files = (
			);
			inputPaths = (
				"${PODS_PODFILE_DIR_PATH}/Podfile.lock",
				"${PODS_ROOT}/Manifest.lock",
			);
			name = "[CP] Check Pods Manifest.lock";
			outputPaths = (
				"$(DERIVED_FILE_DIR)/Pods-chain-chain-checkManifestLockResult.txt",
			);
			runOnlyForDeploymentPostprocessing = 0;
			shellPath = /bin/sh;
			shellScript = "diff \"${PODS_PODFILE_DIR_PATH}/Podfile.lock\" \"${PODS_ROOT}/Manifest.lock\" > /dev/null\nif [ $? != 0 ] ; then\n    # print error to STDERR\n    echo \"error: The sandbox is not in sync with the Podfile.lock. Run 'pod install' or update your CocoaPods installation.\" >&2\n    exit 1\nfi\n# This output is used by Xcode 'outputs' to avoid re-running this script phase.\necho \"SUCCESS\" > \"${SCRIPT_OUTPUT_FILE_0}\"\n";
			showEnvVarsInLog = 0;
		};
/* End PBXShellScriptBuildPhase section */

/* Begin PBXSourcesBuildPhase section */
		A367C76F20AFD335004F4F20 /* Sources */ = {
			isa = PBXSourcesBuildPhase;
			buildActionMask = 2147483647;
			files = (
				B938A94B20B735350068EB01 /* profile_picture.swift in Sources */,
				A367C7AB20AFDC75004F4F20 /* mymessagetable.swift in Sources */,
				B956CA0C20BA3569006C8197 /* launch.swift in Sources */,
				A367C7AD20AFDFCA004F4F20 /* customercell.swift in Sources */,
				A367C77720AFD335004F4F20 /* AppDelegate.swift in Sources */,
				A351EE3120B389F100701266 /* loginVC.swift in Sources */,
				B956CA0A20B8D6A1006C8197 /* infoViewController.swift in Sources */,
				A367C7A520AFD63C004F4F20 /* mainTC.swift in Sources */,
			);
			runOnlyForDeploymentPostprocessing = 0;
		};
		A367C78320AFD336004F4F20 /* Sources */ = {
			isa = PBXSourcesBuildPhase;
			buildActionMask = 2147483647;
			files = (
				A367C78C20AFD336004F4F20 /* chainTests.swift in Sources */,
			);
			runOnlyForDeploymentPostprocessing = 0;
		};
		A367C78E20AFD336004F4F20 /* Sources */ = {
			isa = PBXSourcesBuildPhase;
			buildActionMask = 2147483647;
			files = (
				A367C79720AFD336004F4F20 /* chainUITests.swift in Sources */,
			);
			runOnlyForDeploymentPostprocessing = 0;
		};
/* End PBXSourcesBuildPhase section */

/* Begin PBXTargetDependency section */
		A367C78920AFD336004F4F20 /* PBXTargetDependency */ = {
			isa = PBXTargetDependency;
			target = A367C77220AFD335004F4F20 /* chain */;
			targetProxy = A367C78820AFD336004F4F20 /* PBXContainerItemProxy */;
		};
		A367C79420AFD336004F4F20 /* PBXTargetDependency */ = {
			isa = PBXTargetDependency;
			target = A367C77220AFD335004F4F20 /* chain */;
			targetProxy = A367C79320AFD336004F4F20 /* PBXContainerItemProxy */;
		};
/* End PBXTargetDependency section */

/* Begin PBXVariantGroup section */
		A367C77A20AFD335004F4F20 /* Main.storyboard */ = {
			isa = PBXVariantGroup;
			children = (
				A367C77B20AFD335004F4F20 /* Base */,
			);
			name = Main.storyboard;
			sourceTree = "<group>";
		};
		A367C77F20AFD336004F4F20 /* LaunchScreen.storyboard */ = {
			isa = PBXVariantGroup;
			children = (
				A367C78020AFD336004F4F20 /* Base */,
			);
			name = LaunchScreen.storyboard;
			sourceTree = "<group>";
		};
/* End PBXVariantGroup section */

/* Begin XCBuildConfiguration section */
		A367C79920AFD336004F4F20 /* Debug */ = {
			isa = XCBuildConfiguration;
			buildSettings = {
				ALWAYS_SEARCH_USER_PATHS = NO;
				CLANG_ANALYZER_NONNULL = YES;
				CLANG_ANALYZER_NUMBER_OBJECT_CONVERSION = YES_AGGRESSIVE;
				CLANG_CXX_LANGUAGE_STANDARD = "gnu++14";
				CLANG_CXX_LIBRARY = "libc++";
				CLANG_ENABLE_MODULES = YES;
				CLANG_ENABLE_OBJC_ARC = YES;
				CLANG_ENABLE_OBJC_WEAK = YES;
				CLANG_WARN_BLOCK_CAPTURE_AUTORELEASING = YES;
				CLANG_WARN_BOOL_CONVERSION = YES;
				CLANG_WARN_COMMA = YES;
				CLANG_WARN_CONSTANT_CONVERSION = YES;
				CLANG_WARN_DEPRECATED_OBJC_IMPLEMENTATIONS = YES;
				CLANG_WARN_DIRECT_OBJC_ISA_USAGE = YES_ERROR;
				CLANG_WARN_DOCUMENTATION_COMMENTS = YES;
				CLANG_WARN_EMPTY_BODY = YES;
				CLANG_WARN_ENUM_CONVERSION = YES;
				CLANG_WARN_INFINITE_RECURSION = YES;
				CLANG_WARN_INT_CONVERSION = YES;
				CLANG_WARN_NON_LITERAL_NULL_CONVERSION = YES;
				CLANG_WARN_OBJC_IMPLICIT_RETAIN_SELF = YES;
				CLANG_WARN_OBJC_LITERAL_CONVERSION = YES;
				CLANG_WARN_OBJC_ROOT_CLASS = YES_ERROR;
				CLANG_WARN_RANGE_LOOP_ANALYSIS = YES;
				CLANG_WARN_STRICT_PROTOTYPES = YES;
				CLANG_WARN_SUSPICIOUS_MOVE = YES;
				CLANG_WARN_UNGUARDED_AVAILABILITY = YES_AGGRESSIVE;
				CLANG_WARN_UNREACHABLE_CODE = YES;
				CLANG_WARN__DUPLICATE_METHOD_MATCH = YES;
				CODE_SIGN_IDENTITY = "iPhone Developer";
				COPY_PHASE_STRIP = NO;
				DEBUG_INFORMATION_FORMAT = dwarf;
				ENABLE_STRICT_OBJC_MSGSEND = YES;
				ENABLE_TESTABILITY = YES;
				GCC_C_LANGUAGE_STANDARD = gnu11;
				GCC_DYNAMIC_NO_PIC = NO;
				GCC_NO_COMMON_BLOCKS = YES;
				GCC_OPTIMIZATION_LEVEL = 0;
				GCC_PREPROCESSOR_DEFINITIONS = (
					"DEBUG=1",
					"$(inherited)",
				);
				GCC_WARN_64_TO_32_BIT_CONVERSION = YES;
				GCC_WARN_ABOUT_RETURN_TYPE = YES_ERROR;
				GCC_WARN_UNDECLARED_SELECTOR = YES;
				GCC_WARN_UNINITIALIZED_AUTOS = YES_AGGRESSIVE;
				GCC_WARN_UNUSED_FUNCTION = YES;
				GCC_WARN_UNUSED_VARIABLE = YES;
				IPHONEOS_DEPLOYMENT_TARGET = 11.3;
				MTL_ENABLE_DEBUG_INFO = YES;
				ONLY_ACTIVE_ARCH = YES;
				SDKROOT = iphoneos;
				SWIFT_ACTIVE_COMPILATION_CONDITIONS = DEBUG;
				SWIFT_OPTIMIZATION_LEVEL = "-Onone";
			};
			name = Debug;
		};
		A367C79A20AFD336004F4F20 /* Release */ = {
			isa = XCBuildConfiguration;
			buildSettings = {
				ALWAYS_SEARCH_USER_PATHS = NO;
				CLANG_ANALYZER_NONNULL = YES;
				CLANG_ANALYZER_NUMBER_OBJECT_CONVERSION = YES_AGGRESSIVE;
				CLANG_CXX_LANGUAGE_STANDARD = "gnu++14";
				CLANG_CXX_LIBRARY = "libc++";
				CLANG_ENABLE_MODULES = YES;
				CLANG_ENABLE_OBJC_ARC = YES;
				CLANG_ENABLE_OBJC_WEAK = YES;
				CLANG_WARN_BLOCK_CAPTURE_AUTORELEASING = YES;
				CLANG_WARN_BOOL_CONVERSION = YES;
				CLANG_WARN_COMMA = YES;
				CLANG_WARN_CONSTANT_CONVERSION = YES;
				CLANG_WARN_DEPRECATED_OBJC_IMPLEMENTATIONS = YES;
				CLANG_WARN_DIRECT_OBJC_ISA_USAGE = YES_ERROR;
				CLANG_WARN_DOCUMENTATION_COMMENTS = YES;
				CLANG_WARN_EMPTY_BODY = YES;
				CLANG_WARN_ENUM_CONVERSION = YES;
				CLANG_WARN_INFINITE_RECURSION = YES;
				CLANG_WARN_INT_CONVERSION = YES;
				CLANG_WARN_NON_LITERAL_NULL_CONVERSION = YES;
				CLANG_WARN_OBJC_IMPLICIT_RETAIN_SELF = YES;
				CLANG_WARN_OBJC_LITERAL_CONVERSION = YES;
				CLANG_WARN_OBJC_ROOT_CLASS = YES_ERROR;
				CLANG_WARN_RANGE_LOOP_ANALYSIS = YES;
				CLANG_WARN_STRICT_PROTOTYPES = YES;
				CLANG_WARN_SUSPICIOUS_MOVE = YES;
				CLANG_WARN_UNGUARDED_AVAILABILITY = YES_AGGRESSIVE;
				CLANG_WARN_UNREACHABLE_CODE = YES;
				CLANG_WARN__DUPLICATE_METHOD_MATCH = YES;
				CODE_SIGN_IDENTITY = "iPhone Developer";
				COPY_PHASE_STRIP = NO;
				DEBUG_INFORMATION_FORMAT = "dwarf-with-dsym";
				ENABLE_NS_ASSERTIONS = NO;
				ENABLE_STRICT_OBJC_MSGSEND = YES;
				GCC_C_LANGUAGE_STANDARD = gnu11;
				GCC_NO_COMMON_BLOCKS = YES;
				GCC_WARN_64_TO_32_BIT_CONVERSION = YES;
				GCC_WARN_ABOUT_RETURN_TYPE = YES_ERROR;
				GCC_WARN_UNDECLARED_SELECTOR = YES;
				GCC_WARN_UNINITIALIZED_AUTOS = YES_AGGRESSIVE;
				GCC_WARN_UNUSED_FUNCTION = YES;
				GCC_WARN_UNUSED_VARIABLE = YES;
				IPHONEOS_DEPLOYMENT_TARGET = 11.3;
				MTL_ENABLE_DEBUG_INFO = NO;
				SDKROOT = iphoneos;
				SWIFT_COMPILATION_MODE = wholemodule;
				SWIFT_OPTIMIZATION_LEVEL = "-O";
				VALIDATE_PRODUCT = YES;
			};
			name = Release;
		};
		A367C79C20AFD336004F4F20 /* Debug */ = {
			isa = XCBuildConfiguration;
			baseConfigurationReference = E43069A80D4E61E1735D2E89 /* Pods-chain-chain.debug.xcconfig */;
			buildSettings = {
				ASSETCATALOG_COMPILER_APPICON_NAME = AppIcon;
				CODE_SIGN_STYLE = Automatic;
				INFOPLIST_FILE = chain/Info.plist;
				LD_RUNPATH_SEARCH_PATHS = (
					"$(inherited)",
					"@executable_path/Frameworks",
				);
				PRODUCT_BUNDLE_IDENTIFIER = Chao.chain;
				PRODUCT_NAME = "$(TARGET_NAME)";
				SWIFT_VERSION = 4.0;
				TARGETED_DEVICE_FAMILY = "1,2";
			};
			name = Debug;
		};
		A367C79D20AFD336004F4F20 /* Release */ = {
			isa = XCBuildConfiguration;
			baseConfigurationReference = E9B759D8FBA401AD72068E3A /* Pods-chain-chain.release.xcconfig */;
			buildSettings = {
				ASSETCATALOG_COMPILER_APPICON_NAME = AppIcon;
				CODE_SIGN_STYLE = Automatic;
				INFOPLIST_FILE = chain/Info.plist;
				LD_RUNPATH_SEARCH_PATHS = (
					"$(inherited)",
					"@executable_path/Frameworks",
				);
				PRODUCT_BUNDLE_IDENTIFIER = Chao.chain;
				PRODUCT_NAME = "$(TARGET_NAME)";
				SWIFT_VERSION = 4.0;
				TARGETED_DEVICE_FAMILY = "1,2";
			};
			name = Release;
		};
		A367C79F20AFD336004F4F20 /* Debug */ = {
			isa = XCBuildConfiguration;
			baseConfigurationReference = 0C355B9D7BD3E516E683E1DC /* Pods-chainTests.debug.xcconfig */;
			buildSettings = {
				ALWAYS_EMBED_SWIFT_STANDARD_LIBRARIES = YES;
				BUNDLE_LOADER = "$(TEST_HOST)";
				CODE_SIGN_STYLE = Automatic;
				INFOPLIST_FILE = chainTests/Info.plist;
				LD_RUNPATH_SEARCH_PATHS = (
					"$(inherited)",
					"@executable_path/Frameworks",
					"@loader_path/Frameworks",
				);
				PRODUCT_BUNDLE_IDENTIFIER = Chao.chainTests;
				PRODUCT_NAME = "$(TARGET_NAME)";
				SWIFT_VERSION = 4.0;
				TARGETED_DEVICE_FAMILY = "1,2";
				TEST_HOST = "$(BUILT_PRODUCTS_DIR)/chain.app/chain";
			};
			name = Debug;
		};
		A367C7A020AFD336004F4F20 /* Release */ = {
			isa = XCBuildConfiguration;
			baseConfigurationReference = DC267441F117284F8FAEEBFF /* Pods-chainTests.release.xcconfig */;
			buildSettings = {
				ALWAYS_EMBED_SWIFT_STANDARD_LIBRARIES = YES;
				BUNDLE_LOADER = "$(TEST_HOST)";
				CODE_SIGN_STYLE = Automatic;
				INFOPLIST_FILE = chainTests/Info.plist;
				LD_RUNPATH_SEARCH_PATHS = (
					"$(inherited)",
					"@executable_path/Frameworks",
					"@loader_path/Frameworks",
				);
				PRODUCT_BUNDLE_IDENTIFIER = Chao.chainTests;
				PRODUCT_NAME = "$(TARGET_NAME)";
				SWIFT_VERSION = 4.0;
				TARGETED_DEVICE_FAMILY = "1,2";
				TEST_HOST = "$(BUILT_PRODUCTS_DIR)/chain.app/chain";
			};
			name = Release;
		};
		A367C7A220AFD336004F4F20 /* Debug */ = {
			isa = XCBuildConfiguration;
			baseConfigurationReference = E1928B75D6A5DEB15638BAAB /* Pods-chainUITests.debug.xcconfig */;
			buildSettings = {
				ALWAYS_EMBED_SWIFT_STANDARD_LIBRARIES = YES;
				CODE_SIGN_STYLE = Automatic;
				INFOPLIST_FILE = chainUITests/Info.plist;
				LD_RUNPATH_SEARCH_PATHS = (
					"$(inherited)",
					"@executable_path/Frameworks",
					"@loader_path/Frameworks",
				);
				PRODUCT_BUNDLE_IDENTIFIER = Chao.chainUITests;
				PRODUCT_NAME = "$(TARGET_NAME)";
				SWIFT_VERSION = 4.0;
				TARGETED_DEVICE_FAMILY = "1,2";
				TEST_TARGET_NAME = chain;
			};
			name = Debug;
		};
		A367C7A320AFD336004F4F20 /* Release */ = {
			isa = XCBuildConfiguration;
			baseConfigurationReference = 36C48AAB71465DE38FFFEFED /* Pods-chainUITests.release.xcconfig */;
			buildSettings = {
				ALWAYS_EMBED_SWIFT_STANDARD_LIBRARIES = YES;
				CODE_SIGN_STYLE = Automatic;
				INFOPLIST_FILE = chainUITests/Info.plist;
				LD_RUNPATH_SEARCH_PATHS = (
					"$(inherited)",
					"@executable_path/Frameworks",
					"@loader_path/Frameworks",
				);
				PRODUCT_BUNDLE_IDENTIFIER = Chao.chainUITests;
				PRODUCT_NAME = "$(TARGET_NAME)";
				SWIFT_VERSION = 4.0;
				TARGETED_DEVICE_FAMILY = "1,2";
				TEST_TARGET_NAME = chain;
			};
			name = Release;
		};
/* End XCBuildConfiguration section */

/* Begin XCConfigurationList section */
		A367C76E20AFD335004F4F20 /* Build configuration list for PBXProject "chain" */ = {
			isa = XCConfigurationList;
			buildConfigurations = (
				A367C79920AFD336004F4F20 /* Debug */,
				A367C79A20AFD336004F4F20 /* Release */,
			);
			defaultConfigurationIsVisible = 0;
			defaultConfigurationName = Release;
		};
		A367C79B20AFD336004F4F20 /* Build configuration list for PBXNativeTarget "chain" */ = {
			isa = XCConfigurationList;
			buildConfigurations = (
				A367C79C20AFD336004F4F20 /* Debug */,
				A367C79D20AFD336004F4F20 /* Release */,
			);
			defaultConfigurationIsVisible = 0;
			defaultConfigurationName = Release;
		};
		A367C79E20AFD336004F4F20 /* Build configuration list for PBXNativeTarget "chainTests" */ = {
			isa = XCConfigurationList;
			buildConfigurations = (
				A367C79F20AFD336004F4F20 /* Debug */,
				A367C7A020AFD336004F4F20 /* Release */,
			);
			defaultConfigurationIsVisible = 0;
			defaultConfigurationName = Release;
		};
		A367C7A120AFD336004F4F20 /* Build configuration list for PBXNativeTarget "chainUITests" */ = {
			isa = XCConfigurationList;
			buildConfigurations = (
				A367C7A220AFD336004F4F20 /* Debug */,
				A367C7A320AFD336004F4F20 /* Release */,
			);
			defaultConfigurationIsVisible = 0;
			defaultConfigurationName = Release;
		};
/* End XCConfigurationList section */
	};
	rootObject = A367C76B20AFD335004F4F20 /* Project object */;
}
