// !$*UTF8*$!
{
	archiveVersion = 1;
	classes = {
	};
	objectVersion = 50;
	objects = {

/* Begin PBXBuildFile section */
		A367C77720AFD335004F4F20 /* AppDelegate.swift in Sources */ = {isa = PBXBuildFile; fileRef = A367C77620AFD335004F4F20 /* AppDelegate.swift */; };
		A367C77920AFD335004F4F20 /* ViewController.swift in Sources */ = {isa = PBXBuildFile; fileRef = A367C77820AFD335004F4F20 /* ViewController.swift */; };
		A367C77C20AFD335004F4F20 /* Main.storyboard in Resources */ = {isa = PBXBuildFile; fileRef = A367C77A20AFD335004F4F20 /* Main.storyboard */; };
		A367C77E20AFD336004F4F20 /* Assets.xcassets in Resources */ = {isa = PBXBuildFile; fileRef = A367C77D20AFD336004F4F20 /* Assets.xcassets */; };
		A367C78120AFD336004F4F20 /* LaunchScreen.storyboard in Resources */ = {isa = PBXBuildFile; fileRef = A367C77F20AFD336004F4F20 /* LaunchScreen.storyboard */; };
		A367C78C20AFD336004F4F20 /* chainTests.swift in Sources */ = {isa = PBXBuildFile; fileRef = A367C78B20AFD336004F4F20 /* chainTests.swift */; };
		A367C79720AFD336004F4F20 /* chainUITests.swift in Sources */ = {isa = PBXBuildFile; fileRef = A367C79620AFD336004F4F20 /* chainUITests.swift */; };
/* End PBXBuildFile section */

/* Begin PBXContainerItemProxy section */
		A367C78820AFD336004F4F20 /* PBXContainerItemProxy */ = {
			isa = PBXContainerItemProxy;
			containerPortal = A367C76B20AFD335004F4F20 /* Project object */;
			proxyType = 1;
			remoteGlobalIDString = A367C77220AFD335004F4F20;
			remoteInfo = chain;
		};
		A367C79320AFD336004F4F20 /* PBXContainerItemProxy */ = {
			isa = PBXContainerItemProxy;
			containerPortal = A367C76B20AFD335004F4F20 /* Project object */;
			proxyType = 1;
			remoteGlobalIDString = A367C77220AFD335004F4F20;
			remoteInfo = chain;
		};
/* End PBXContainerItemProxy section */

/* Begin PBXFileReference section */
		A367C77320AFD335004F4F20 /* chain.app */ = {isa = PBXFileReference; explicitFileType = wrapper.application; includeInIndex = 0; path = chain.app; sourceTree = BUILT_PRODUCTS_DIR; };
		A367C77620AFD335004F4F20 /* AppDelegate.swift */ = {isa = PBXFileReference; lastKnownFileType = sourcecode.swift; path = AppDelegate.swift; sourceTree = "<group>"; };
		A367C77820AFD335004F4F20 /* ViewController.swift */ = {isa = PBXFileReference; lastKnownFileType = sourcecode.swift; path = ViewController.swift; sourceTree = "<group>"; };
		A367C77B20AFD335004F4F20 /* Base */ = {isa = PBXFileReference; lastKnownFileType = file.storyboard; name = Base; path = Base.lproj/Main.storyboard; sourceTree = "<group>"; };
		A367C77D20AFD336004F4F20 /* Assets.xcassets */ = {isa = PBXFileReference; lastKnownFileType = folder.assetcatalog; path = Assets.xcassets; sourceTree = "<group>"; };
		A367C78020AFD336004F4F20 /* Base */ = {isa = PBXFileReference; lastKnownFileType = file.storyboard; name = Base; path = Base.lproj/LaunchScreen.storyboard; sourceTree = "<group>"; };
		A367C78220AFD336004F4F20 /* Info.plist */ = {isa = PBXFileReference; lastKnownFileType = text.plist.xml; path = Info.plist; sourceTree = "<group>"; };
		A367C78720AFD336004F4F20 /* chainTests.xctest */ = {isa = PBXFileReference; explicitFileType = wrapper.cfbundle; includeInIndex = 0; path = chainTests.xctest; sourceTree = BUILT_PRODUCTS_DIR; };
		A367C78B20AFD336004F4F20 /* chainTests.swift */ = {isa = PBXFileReference; lastKnownFileType = sourcecode.swift; path = chainTests.swift; sourceTree = "<group>"; };
		A367C78D20AFD336004F4F20 /* Info.plist */ = {isa = PBXFileReference; lastKnownFileType = text.plist.xml; path = Info.plist; sourceTree = "<group>"; };
		A367C79220AFD336004F4F20 /* chainUITests.xctest */ = {isa = PBXFileReference; explicitFileType = wrapper.cfbundle; includeInIndex = 0; path = chainUITests.xctest; sourceTree = BUILT_PRODUCTS_DIR; };
		A367C79620AFD336004F4F20 /* chainUITests.swift */ = {isa = PBXFileReference; lastKnownFileType = sourcecode.swift; path = chainUITests.swift; sourceTree = "<group>"; };
		A367C79820AFD336004F4F20 /* Info.plist */ = {isa = PBXFileReference; lastKnownFileType = text.plist.xml; path = Info.plist; sourceTree = "<group>"; };
/* End PBXFileReference section */

/* Begin PBXFrameworksBuildPhase section */
		A367C77020AFD335004F4F20 /* Frameworks */ = {
			isa = PBXFrameworksBuildPhase;
			buildActionMask = 2147483647;
			files = (
			);
			runOnlyForDeploymentPostprocessing = 0;
		};
		A367C78420AFD336004F4F20 /* Frameworks */ = {
			isa = PBXFrameworksBuildPhase;
			buildActionMask = 2147483647;
			files = (
			);
			runOnlyForDeploymentPostprocessing = 0;
		};
		A367C78F20AFD336004F4F20 /* Frameworks */ = {
			isa = PBXFrameworksBuildPhase;
			buildActionMask = 2147483647;
			files = (
			);
			runOnlyForDeploymentPostprocessing = 0;
		};
/* End PBXFrameworksBuildPhase section */

/* Begin PBXGroup section */
		A367C76A20AFD335004F4F20 = {
			isa = PBXGroup;
			children = (
				A367C77520AFD335004F4F20 /* chain */,
				A367C78A20AFD336004F4F20 /* chainTests */,
				A367C79520AFD336004F4F20 /* chainUITests */,
				A367C77420AFD335004F4F20 /* Products */,
			);
			sourceTree = "<group>";
		};
		A367C77420AFD335004F4F20 /* Products */ = {
			isa = PBXGroup;
			children = (
				A367C77320AFD335004F4F20 /* chain.app */,
				A367C78720AFD336004F4F20 /* chainTests.xctest */,
				A367C79220AFD336004F4F20 /* chainUITests.xctest */,
			);
			name = Products;
			sourceTree = "<group>";
		};
		A367C77520AFD335004F4F20 /* chain */ = {
			isa = PBXGroup;
			children = (
				A367C77620AFD335004F4F20 /* AppDelegate.swift */,
				A367C77820AFD335004F4F20 /* ViewController.swift */,
				A367C77A20AFD335004F4F20 /* Main.storyboard */,
				A367C77D20AFD336004F4F20 /* Assets.xcassets */,
				A367C77F20AFD336004F4F20 /* LaunchScreen.storyboard */,
				A367C78220AFD336004F4F20 /* Info.plist */,
			);
			path = chain;
			sourceTree = "<group>";
		};
		A367C78A20AFD336004F4F20 /* chainTests */ = {
			isa = PBXGroup;
			children = (
				A367C78B20AFD336004F4F20 /* chainTests.swift */,
				A367C78D20AFD336004F4F20 /* Info.plist */,
			);
			path = chainTests;
			sourceTree = "<group>";
		};
		A367C79520AFD336004F4F20 /* chainUITests */ = {
			isa = PBXGroup;
			children = (
				A367C79620AFD336004F4F20 /* chainUITests.swift */,
				A367C79820AFD336004F4F20 /* Info.plist */,
			);
			path = chainUITests;
			sourceTree = "<group>";
		};
/* End PBXGroup section */

/* Begin PBXNativeTarget section */
		A367C77220AFD335004F4F20 /* chain */ = {
			isa = PBXNativeTarget;
			buildConfigurationList = A367C79B20AFD336004F4F20 /* Build configuration list for PBXNativeTarget "chain" */;
			buildPhases = (
				A367C76F20AFD335004F4F20 /* Sources */,
				A367C77020AFD335004F4F20 /* Frameworks */,
				A367C77120AFD335004F4F20 /* Resources */,
			);
			buildRules = (
			);
			dependencies = (
			);
			name = chain;
			productName = chain;
			productReference = A367C77320AFD335004F4F20 /* chain.app */;
			productType = "com.apple.product-type.application";
		};
		A367C78620AFD336004F4F20 /* chainTests */ = {
			isa = PBXNativeTarget;
			buildConfigurationList = A367C79E20AFD336004F4F20 /* Build configuration list for PBXNativeTarget "chainTests" */;
			buildPhases = (
				A367C78320AFD336004F4F20 /* Sources */,
				A367C78420AFD336004F4F20 /* Frameworks */,
				A367C78520AFD336004F4F20 /* Resources */,
			);
			buildRules = (
			);
			dependencies = (
				A367C78920AFD336004F4F20 /* PBXTargetDependency */,
			);
			name = chainTests;
			productName = chainTests;
			productReference = A367C78720AFD336004F4F20 /* chainTests.xctest */;
			productType = "com.apple.product-type.bundle.unit-test";
		};
		A367C79120AFD336004F4F20 /* chainUITests */ = {
			isa = PBXNativeTarget;
			buildConfigurationList = A367C7A120AFD336004F4F20 /* Build configuration list for PBXNativeTarget "chainUITests" */;
			buildPhases = (
				A367C78E20AFD336004F4F20 /* Sources */,
				A367C78F20AFD336004F4F20 /* Frameworks */,
				A367C79020AFD336004F4F20 /* Resources */,
			);
			buildRules = (
			);
			dependencies = (
				A367C79420AFD336004F4F20 /* PBXTargetDependency */,
			);
			name = chainUITests;
			productName = chainUITests;
			productReference = A367C79220AFD336004F4F20 /* chainUITests.xctest */;
			productType = "com.apple.product-type.bundle.ui-testing";
		};
/* End PBXNativeTarget section */

/* Begin PBXProject section */
		A367C76B20AFD335004F4F20 /* Project object */ = {
			isa = PBXProject;
			attributes = {
				LastSwiftUpdateCheck = 0930;
				LastUpgradeCheck = 0930;
				ORGANIZATIONNAME = "Chao Shen";
				TargetAttributes = {
					A367C77220AFD335004F4F20 = {
						CreatedOnToolsVersion = 9.3.1;
					};
					A367C78620AFD336004F4F20 = {
						CreatedOnToolsVersion = 9.3.1;
						TestTargetID = A367C77220AFD335004F4F20;
					};
					A367C79120AFD336004F4F20 = {
						CreatedOnToolsVersion = 9.3.1;
						TestTargetID = A367C77220AFD335004F4F20;
					};
				};
			};
			buildConfigurationList = A367C76E20AFD335004F4F20 /* Build configuration list for PBXProject "chain" */;
			compatibilityVersion = "Xcode 9.3";
			developmentRegion = en;
			hasScannedForEncodings = 0;
			knownRegions = (
				en,
				Base,
			);
			mainGroup = A367C76A20AFD335004F4F20;
			productRefGroup = A367C77420AFD335004F4F20 /* Products */;
			projectDirPath = "";
			projectRoot = "";
			targets = (
				A367C77220AFD335004F4F20 /* chain */,
				A367C78620AFD336004F4F20 /* chainTests */,
				A367C79120AFD336004F4F20 /* chainUITests */,
			);
		};
/* End PBXProject section */

/* Begin PBXResourcesBuildPhase section */
		A367C77120AFD335004F4F20 /* Resources */ = {
			isa = PBXResourcesBuildPhase;
			buildActionMask = 2147483647;
			files = (
				A367C78120AFD336004F4F20 /* LaunchScreen.storyboard in Resources */,
				A367C77E20AFD336004F4F20 /* Assets.xcassets in Resources */,
				A367C77C20AFD335004F4F20 /* Main.storyboard in Resources */,
			);
			runOnlyForDeploymentPostprocessing = 0;
		};
		A367C78520AFD336004F4F20 /* Resources */ = {
			isa = PBXResourcesBuildPhase;
			buildActionMask = 2147483647;
			files = (
			);
			runOnlyForDeploymentPostprocessing = 0;
		};
		A367C79020AFD336004F4F20 /* Resources */ = {
			isa = PBXResourcesBuildPhase;
			buildActionMask = 2147483647;
			files = (
			);
			runOnlyForDeploymentPostprocessing = 0;
		};
/* End PBXResourcesBuildPhase section */

/* Begin PBXSourcesBuildPhase section */
		A367C76F20AFD335004F4F20 /* Sources */ = {
			isa = PBXSourcesBuildPhase;
			buildActionMask = 2147483647;
			files = (
				A367C77920AFD335004F4F20 /* ViewController.swift in Sources */,
				A367C77720AFD335004F4F20 /* AppDelegate.swift in Sources */,
			);
			runOnlyForDeploymentPostprocessing = 0;
		};
		A367C78320AFD336004F4F20 /* Sources */ = {
			isa = PBXSourcesBuildPhase;
			buildActionMask = 2147483647;
			files = (
				A367C78C20AFD336004F4F20 /* chainTests.swift in Sources */,
			);
			runOnlyForDeploymentPostprocessing = 0;
		};
		A367C78E20AFD336004F4F20 /* Sources */ = {
			isa = PBXSourcesBuildPhase;
			buildActionMask = 2147483647;
			files = (
				A367C79720AFD336004F4F20 /* chainUITests.swift in Sources */,
			);
			runOnlyForDeploymentPostprocessing = 0;
		};
/* End PBXSourcesBuildPhase section */

/* Begin PBXTargetDependency section */
		A367C78920AFD336004F4F20 /* PBXTargetDependency */ = {
			isa = PBXTargetDependency;
			target = A367C77220AFD335004F4F20 /* chain */;
			targetProxy = A367C78820AFD336004F4F20 /* PBXContainerItemProxy */;
		};
		A367C79420AFD336004F4F20 /* PBXTargetDependency */ = {
			isa = PBXTargetDependency;
			target = A367C77220AFD335004F4F20 /* chain */;
			targetProxy = A367C79320AFD336004F4F20 /* PBXContainerItemProxy */;
		};
/* End PBXTargetDependency section */

/* Begin PBXVariantGroup section */
		A367C77A20AFD335004F4F20 /* Main.storyboard */ = {
			isa = PBXVariantGroup;
			children = (
				A367C77B20AFD335004F4F20 /* Base */,
			);
			name = Main.storyboard;
			sourceTree = "<group>";
		};
		A367C77F20AFD336004F4F20 /* LaunchScreen.storyboard */ = {
			isa = PBXVariantGroup;
			children = (
				A367C78020AFD336004F4F20 /* Base */,
			);
			name = LaunchScreen.storyboard;
			sourceTree = "<group>";
		};
/* End PBXVariantGroup section */

/* Begin XCBuildConfiguration section */
		A367C79920AFD336004F4F20 /* Debug */ = {
			isa = XCBuildConfiguration;
			buildSettings = {
				ALWAYS_SEARCH_USER_PATHS = NO;
				CLANG_ANALYZER_NONNULL = YES;
				CLANG_ANALYZER_NUMBER_OBJECT_CONVERSION = YES_AGGRESSIVE;
				CLANG_CXX_LANGUAGE_STANDARD = "gnu++14";
				CLANG_CXX_LIBRARY = "libc++";
				CLANG_ENABLE_MODULES = YES;
				CLANG_ENABLE_OBJC_ARC = YES;
				CLANG_ENABLE_OBJC_WEAK = YES;
				CLANG_WARN_BLOCK_CAPTURE_AUTORELEASING = YES;
				CLANG_WARN_BOOL_CONVERSION = YES;
				CLANG_WARN_COMMA = YES;
				CLANG_WARN_CONSTANT_CONVERSION = YES;
				CLANG_WARN_DEPRECATED_OBJC_IMPLEMENTATIONS = YES;
				CLANG_WARN_DIRECT_OBJC_ISA_USAGE = YES_ERROR;
				CLANG_WARN_DOCUMENTATION_COMMENTS = YES;
				CLANG_WARN_EMPTY_BODY = YES;
				CLANG_WARN_ENUM_CONVERSION = YES;
				CLANG_WARN_INFINITE_RECURSION = YES;
				CLANG_WARN_INT_CONVERSION = YES;
				CLANG_WARN_NON_LITERAL_NULL_CONVERSION = YES;
				CLANG_WARN_OBJC_IMPLICIT_RETAIN_SELF = YES;
				CLANG_WARN_OBJC_LITERAL_CONVERSION = YES;
				CLANG_WARN_OBJC_ROOT_CLASS = YES_ERROR;
				CLANG_WARN_RANGE_LOOP_ANALYSIS = YES;
				CLANG_WARN_STRICT_PROTOTYPES = YES;
				CLANG_WARN_SUSPICIOUS_MOVE = YES;
				CLANG_WARN_UNGUARDED_AVAILABILITY = YES_AGGRESSIVE;
				CLANG_WARN_UNREACHABLE_CODE = YES;
				CLANG_WARN__DUPLICATE_METHOD_MATCH = YES;
				CODE_SIGN_IDENTITY = "iPhone Developer";
				COPY_PHASE_STRIP = NO;
				DEBUG_INFORMATION_FORMAT = dwarf;
				ENABLE_STRICT_OBJC_MSGSEND = YES;
				ENABLE_TESTABILITY = YES;
				GCC_C_LANGUAGE_STANDARD = gnu11;
				GCC_DYNAMIC_NO_PIC = NO;
				GCC_NO_COMMON_BLOCKS = YES;
				GCC_OPTIMIZATION_LEVEL = 0;
				GCC_PREPROCESSOR_DEFINITIONS = (
					"DEBUG=1",
					"$(inherited)",
				);
				GCC_WARN_64_TO_32_BIT_CONVERSION = YES;
				GCC_WARN_ABOUT_RETURN_TYPE = YES_ERROR;
				GCC_WARN_UNDECLARED_SELECTOR = YES;
				GCC_WARN_UNINITIALIZED_AUTOS = YES_AGGRESSIVE;
				GCC_WARN_UNUSED_FUNCTION = YES;
				GCC_WARN_UNUSED_VARIABLE = YES;
				IPHONEOS_DEPLOYMENT_TARGET = 11.3;
				MTL_ENABLE_DEBUG_INFO = YES;
				ONLY_ACTIVE_ARCH = YES;
				SDKROOT = iphoneos;
				SWIFT_ACTIVE_COMPILATION_CONDITIONS = DEBUG;
				SWIFT_OPTIMIZATION_LEVEL = "-Onone";
			};
			name = Debug;
		};
		A367C79A20AFD336004F4F20 /* Release */ = {
			isa = XCBuildConfiguration;
			buildSettings = {
				ALWAYS_SEARCH_USER_PATHS = NO;
				CLANG_ANALYZER_NONNULL = YES;
				CLANG_ANALYZER_NUMBER_OBJECT_CONVERSION = YES_AGGRESSIVE;
				CLANG_CXX_LANGUAGE_STANDARD = "gnu++14";
				CLANG_CXX_LIBRARY = "libc++";
				CLANG_ENABLE_MODULES = YES;
				CLANG_ENABLE_OBJC_ARC = YES;
				CLANG_ENABLE_OBJC_WEAK = YES;
				CLANG_WARN_BLOCK_CAPTURE_AUTORELEASING = YES;
				CLANG_WARN_BOOL_CONVERSION = YES;
				CLANG_WARN_COMMA = YES;
				CLANG_WARN_CONSTANT_CONVERSION = YES;
				CLANG_WARN_DEPRECATED_OBJC_IMPLEMENTATIONS = YES;
				CLANG_WARN_DIRECT_OBJC_ISA_USAGE = YES_ERROR;
				CLANG_WARN_DOCUMENTATION_COMMENTS = YES;
				CLANG_WARN_EMPTY_BODY = YES;
				CLANG_WARN_ENUM_CONVERSION = YES;
				CLANG_WARN_INFINITE_RECURSION = YES;
				CLANG_WARN_INT_CONVERSION = YES;
				CLANG_WARN_NON_LITERAL_NULL_CONVERSION = YES;
				CLANG_WARN_OBJC_IMPLICIT_RETAIN_SELF = YES;
				CLANG_WARN_OBJC_LITERAL_CONVERSION = YES;
				CLANG_WARN_OBJC_ROOT_CLASS = YES_ERROR;
				CLANG_WARN_RANGE_LOOP_ANALYSIS = YES;
				CLANG_WARN_STRICT_PROTOTYPES = YES;
				CLANG_WARN_SUSPICIOUS_MOVE = YES;
				CLANG_WARN_UNGUARDED_AVAILABILITY = YES_AGGRESSIVE;
				CLANG_WARN_UNREACHABLE_CODE = YES;
				CLANG_WARN__DUPLICATE_METHOD_MATCH = YES;
				CODE_SIGN_IDENTITY = "iPhone Developer";
				COPY_PHASE_STRIP = NO;
				DEBUG_INFORMATION_FORMAT = "dwarf-with-dsym";
				ENABLE_NS_ASSERTIONS = NO;
				ENABLE_STRICT_OBJC_MSGSEND = YES;
				GCC_C_LANGUAGE_STANDARD = gnu11;
				GCC_NO_COMMON_BLOCKS = YES;
				GCC_WARN_64_TO_32_BIT_CONVERSION = YES;
				GCC_WARN_ABOUT_RETURN_TYPE = YES_ERROR;
				GCC_WARN_UNDECLARED_SELECTOR = YES;
				GCC_WARN_UNINITIALIZED_AUTOS = YES_AGGRESSIVE;
				GCC_WARN_UNUSED_FUNCTION = YES;
				GCC_WARN_UNUSED_VARIABLE = YES;
				IPHONEOS_DEPLOYMENT_TARGET = 11.3;
				MTL_ENABLE_DEBUG_INFO = NO;
				SDKROOT = iphoneos;
				SWIFT_COMPILATION_MODE = wholemodule;
				SWIFT_OPTIMIZATION_LEVEL = "-O";
				VALIDATE_PRODUCT = YES;
			};
			name = Release;
		};
		A367C79C20AFD336004F4F20 /* Debug */ = {
			isa = XCBuildConfiguration;
			buildSettings = {
				ASSETCATALOG_COMPILER_APPICON_NAME = AppIcon;
				CODE_SIGN_STYLE = Automatic;
				INFOPLIST_FILE = chain/Info.plist;
				LD_RUNPATH_SEARCH_PATHS = (
					"$(inherited)",
					"@executable_path/Frameworks",
				);
				PRODUCT_BUNDLE_IDENTIFIER = Chao.chain;
				PRODUCT_NAME = "$(TARGET_NAME)";
				SWIFT_VERSION = 4.0;
				TARGETED_DEVICE_FAMILY = "1,2";
			};
			name = Debug;
		};
		A367C79D20AFD336004F4F20 /* Release */ = {
			isa = XCBuildConfiguration;
			buildSettings = {
				ASSETCATALOG_COMPILER_APPICON_NAME = AppIcon;
				CODE_SIGN_STYLE = Automatic;
				INFOPLIST_FILE = chain/Info.plist;
				LD_RUNPATH_SEARCH_PATHS = (
					"$(inherited)",
					"@executable_path/Frameworks",
				);
				PRODUCT_BUNDLE_IDENTIFIER = Chao.chain;
				PRODUCT_NAME = "$(TARGET_NAME)";
				SWIFT_VERSION = 4.0;
				TARGETED_DEVICE_FAMILY = "1,2";
			};
			name = Release;
		};
		A367C79F20AFD336004F4F20 /* Debug */ = {
			isa = XCBuildConfiguration;
			buildSettings = {
				ALWAYS_EMBED_SWIFT_STANDARD_LIBRARIES = YES;
				BUNDLE_LOADER = "$(TEST_HOST)";
				CODE_SIGN_STYLE = Automatic;
				INFOPLIST_FILE = chainTests/Info.plist;
				LD_RUNPATH_SEARCH_PATHS = (
					"$(inherited)",
					"@executable_path/Frameworks",
					"@loader_path/Frameworks",
				);
				PRODUCT_BUNDLE_IDENTIFIER = Chao.chainTests;
				PRODUCT_NAME = "$(TARGET_NAME)";
				SWIFT_VERSION = 4.0;
				TARGETED_DEVICE_FAMILY = "1,2";
				TEST_HOST = "$(BUILT_PRODUCTS_DIR)/chain.app/chain";
			};
			name = Debug;
		};
		A367C7A020AFD336004F4F20 /* Release */ = {
			isa = XCBuildConfiguration;
			buildSettings = {
				ALWAYS_EMBED_SWIFT_STANDARD_LIBRARIES = YES;
				BUNDLE_LOADER = "$(TEST_HOST)";
				CODE_SIGN_STYLE = Automatic;
				INFOPLIST_FILE = chainTests/Info.plist;
				LD_RUNPATH_SEARCH_PATHS = (
					"$(inherited)",
					"@executable_path/Frameworks",
					"@loader_path/Frameworks",
				);
				PRODUCT_BUNDLE_IDENTIFIER = Chao.chainTests;
				PRODUCT_NAME = "$(TARGET_NAME)";
				SWIFT_VERSION = 4.0;
				TARGETED_DEVICE_FAMILY = "1,2";
				TEST_HOST = "$(BUILT_PRODUCTS_DIR)/chain.app/chain";
			};
			name = Release;
		};
		A367C7A220AFD336004F4F20 /* Debug */ = {
			isa = XCBuildConfiguration;
			buildSettings = {
				ALWAYS_EMBED_SWIFT_STANDARD_LIBRARIES = YES;
				CODE_SIGN_STYLE = Automatic;
				INFOPLIST_FILE = chainUITests/Info.plist;
				LD_RUNPATH_SEARCH_PATHS = (
					"$(inherited)",
					"@executable_path/Frameworks",
					"@loader_path/Frameworks",
				);
				PRODUCT_BUNDLE_IDENTIFIER = Chao.chainUITests;
				PRODUCT_NAME = "$(TARGET_NAME)";
				SWIFT_VERSION = 4.0;
				TARGETED_DEVICE_FAMILY = "1,2";
				TEST_TARGET_NAME = chain;
			};
			name = Debug;
		};
		A367C7A320AFD336004F4F20 /* Release */ = {
			isa = XCBuildConfiguration;
			buildSettings = {
				ALWAYS_EMBED_SWIFT_STANDARD_LIBRARIES = YES;
				CODE_SIGN_STYLE = Automatic;
				INFOPLIST_FILE = chainUITests/Info.plist;
				LD_RUNPATH_SEARCH_PATHS = (
					"$(inherited)",
					"@executable_path/Frameworks",
					"@loader_path/Frameworks",
				);
				PRODUCT_BUNDLE_IDENTIFIER = Chao.chainUITests;
				PRODUCT_NAME = "$(TARGET_NAME)";
				SWIFT_VERSION = 4.0;
				TARGETED_DEVICE_FAMILY = "1,2";
				TEST_TARGET_NAME = chain;
			};
			name = Release;
		};
/* End XCBuildConfiguration section */

/* Begin XCConfigurationList section */
		A367C76E20AFD335004F4F20 /* Build configuration list for PBXProject "chain" */ = {
			isa = XCConfigurationList;
			buildConfigurations = (
				A367C79920AFD336004F4F20 /* Debug */,
				A367C79A20AFD336004F4F20 /* Release */,
			);
			defaultConfigurationIsVisible = 0;
			defaultConfigurationName = Release;
		};
		A367C79B20AFD336004F4F20 /* Build configuration list for PBXNativeTarget "chain" */ = {
			isa = XCConfigurationList;
			buildConfigurations = (
				A367C79C20AFD336004F4F20 /* Debug */,
				A367C79D20AFD336004F4F20 /* Release */,
			);
			defaultConfigurationIsVisible = 0;
			defaultConfigurationName = Release;
		};
		A367C79E20AFD336004F4F20 /* Build configuration list for PBXNativeTarget "chainTests" */ = {
			isa = XCConfigurationList;
			buildConfigurations = (
				A367C79F20AFD336004F4F20 /* Debug */,
				A367C7A020AFD336004F4F20 /* Release */,
			);
			defaultConfigurationIsVisible = 0;
			defaultConfigurationName = Release;
		};
		A367C7A120AFD336004F4F20 /* Build configuration list for PBXNativeTarget "chainUITests" */ = {
			isa = XCConfigurationList;
			buildConfigurations = (
				A367C7A220AFD336004F4F20 /* Debug */,
				A367C7A320AFD336004F4F20 /* Release */,
			);
			defaultConfigurationIsVisible = 0;
			defaultConfigurationName = Release;
		};
/* End XCConfigurationList section */
	};
	rootObject = A367C76B20AFD335004F4F20 /* Project object */;
}
